
Microsoft Visual Studio Solution File, Format Version 12.00
# Visual Studio Version 16
VisualStudioVersion = 16.0.32002.261
MinimumVisualStudioVersion = 10.0.40219.1
Project("{FAE04EC0-301F-11D3-BF4B-00C04F79EFBC}") = "WebVista", "WebVista\WebVista.csproj", "{BAAD10D8-2D69-4756-A30D-18F9A41541D4}"
EndProject
Project("{FAE04EC0-301F-11D3-BF4B-00C04F79EFBC}") = "Domain", "Domain\Domain.csproj", "{7E4DA319-D23F-4F5B-9210-F33D2C26D4AE}"
EndProject
Project("{FAE04EC0-301F-11D3-BF4B-00C04F79EFBC}") = "Infrastruture", "Infrastruture\Infrastruture.csproj", "{83306C06-999C-4B06-9B72-F50911F9CA92}"
EndProject
Global
	GlobalSection(SolutionConfigurationPlatforms) = preSolution
		Debug|Any CPU = Debug|Any CPU
		Release|Any CPU = Release|Any CPU
	EndGlobalSection
	GlobalSection(ProjectConfigurationPlatforms) = postSolution
		{BAAD10D8-2D69-4756-A30D-18F9A41541D4}.Debug|Any CPU.ActiveCfg = Debug|Any CPU
		{BAAD10D8-2D69-4756-A30D-18F9A41541D4}.Debug|Any CPU.Build.0 = Debug|Any CPU
		{BAAD10D8-2D69-4756-A30D-18F9A41541D4}.Release|Any CPU.ActiveCfg = Release|Any CPU
		{BAAD10D8-2D69-4756-A30D-18F9A41541D4}.Release|Any CPU.Build.0 = Release|Any CPU
		{7E4DA319-D23F-4F5B-9210-F33D2C26D4AE}.Debug|Any CPU.ActiveCfg = Debug|Any CPU
		{7E4DA319-D23F-4F5B-9210-F33D2C26D4AE}.Debug|Any CPU.Build.0 = Debug|Any CPU
		{7E4DA319-D23F-4F5B-9210-F33D2C26D4AE}.Release|Any CPU.ActiveCfg = Release|Any CPU
		{7E4DA319-D23F-4F5B-9210-F33D2C26D4AE}.Release|Any CPU.Build.0 = Release|Any CPU
		{83306C06-999C-4B06-9B72-F50911F9CA92}.Debug|Any CPU.ActiveCfg = Debug|Any CPU
		{83306C06-999C-4B06-9B72-F50911F9CA92}.Debug|Any CPU.Build.0 = Debug|Any CPU
		{83306C06-999C-4B06-9B72-F50911F9CA92}.Release|Any CPU.ActiveCfg = Release|Any CPU
		{83306C06-999C-4B06-9B72-F50911F9CA92}.Release|Any CPU.Build.0 = Release|Any CPU
	EndGlobalSection
	GlobalSection(SolutionProperties) = preSolution
		HideSolutionNode = FALSE
	EndGlobalSection
	GlobalSection(ExtensibilityGlobals) = postSolution
		SolutionGuid = {4CB1D255-2CDA-4169-A7BC-B8CA8AC0D581}
	EndGlobalSection
EndGlobal
